// !$*UTF8*$!
{
	archiveVersion = 1;
	classes = {
	};
	objectVersion = 50;
	objects = {

/* Begin PBXBuildFile section */
		04080D5422CF282C00641C27 /* AppDelegate.swift in Sources */ = {isa = PBXBuildFile; fileRef = 04080D5322CF282C00641C27 /* AppDelegate.swift */; };
		04080D5622CF282C00641C27 /* ViewController.swift in Sources */ = {isa = PBXBuildFile; fileRef = 04080D5522CF282C00641C27 /* ViewController.swift */; };
		04080D5922CF282C00641C27 /* Main.storyboard in Resources */ = {isa = PBXBuildFile; fileRef = 04080D5722CF282C00641C27 /* Main.storyboard */; };
		04080D5B22CF283600641C27 /* Assets.xcassets in Resources */ = {isa = PBXBuildFile; fileRef = 04080D5A22CF283600641C27 /* Assets.xcassets */; };
		04080D5E22CF283600641C27 /* LaunchScreen.storyboard in Resources */ = {isa = PBXBuildFile; fileRef = 04080D5C22CF283600641C27 /* LaunchScreen.storyboard */; };
		04080D6922CF283700641C27 /* alamofireRequestExeTests.swift in Sources */ = {isa = PBXBuildFile; fileRef = 04080D6822CF283700641C27 /* alamofireRequestExeTests.swift */; };
		04080D7422CF283700641C27 /* alamofireRequestExeUITests.swift in Sources */ = {isa = PBXBuildFile; fileRef = 04080D7322CF283700641C27 /* alamofireRequestExeUITests.swift */; };
		7D9EDC4E58240712B782FBFC /* Pods_alamofireRequestExeTests.framework in Frameworks */ = {isa = PBXBuildFile; fileRef = FE07405974FFA7BF55C1A517 /* Pods_alamofireRequestExeTests.framework */; };
		C65F0FAC702AF04FDE248AFF /* Pods_alamofireRequestExe.framework in Frameworks */ = {isa = PBXBuildFile; fileRef = E09BD4233AF2F4F6D0952565 /* Pods_alamofireRequestExe.framework */; };
		CCCDAF79165865ECE0E29AFC /* Pods_alamofireRequestExeUITests.framework in Frameworks */ = {isa = PBXBuildFile; fileRef = 1A41A4FB3C380691A0AE478B /* Pods_alamofireRequestExeUITests.framework */; };
/* End PBXBuildFile section */

/* Begin PBXContainerItemProxy section */
		04080D6522CF283700641C27 /* PBXContainerItemProxy */ = {
			isa = PBXContainerItemProxy;
			containerPortal = 04080D4822CF282B00641C27 /* Project object */;
			proxyType = 1;
			remoteGlobalIDString = 04080D4F22CF282C00641C27;
			remoteInfo = alamofireRequestExe;
		};
		04080D7022CF283700641C27 /* PBXContainerItemProxy */ = {
			isa = PBXContainerItemProxy;
			containerPortal = 04080D4822CF282B00641C27 /* Project object */;
			proxyType = 1;
			remoteGlobalIDString = 04080D4F22CF282C00641C27;
			remoteInfo = alamofireRequestExe;
		};
/* End PBXContainerItemProxy section */

/* Begin PBXFileReference section */
		02B17EC945F7EE92AE41A0C9 /* Pods-alamofireRequestExe.release.xcconfig */ = {isa = PBXFileReference; includeInIndex = 1; lastKnownFileType = text.xcconfig; name = "Pods-alamofireRequestExe.release.xcconfig"; path = "Target Support Files/Pods-alamofireRequestExe/Pods-alamofireRequestExe.release.xcconfig"; sourceTree = "<group>"; };
		04080D5022CF282C00641C27 /* alamofireRequestExe.app */ = {isa = PBXFileReference; explicitFileType = wrapper.application; includeInIndex = 0; path = alamofireRequestExe.app; sourceTree = BUILT_PRODUCTS_DIR; };
		04080D5322CF282C00641C27 /* AppDelegate.swift */ = {isa = PBXFileReference; lastKnownFileType = sourcecode.swift; path = AppDelegate.swift; sourceTree = "<group>"; };
		04080D5522CF282C00641C27 /* ViewController.swift */ = {isa = PBXFileReference; lastKnownFileType = sourcecode.swift; path = ViewController.swift; sourceTree = "<group>"; };
		04080D5822CF282C00641C27 /* Base */ = {isa = PBXFileReference; lastKnownFileType = file.storyboard; name = Base; path = Base.lproj/Main.storyboard; sourceTree = "<group>"; };
		04080D5A22CF283600641C27 /* Assets.xcassets */ = {isa = PBXFileReference; lastKnownFileType = folder.assetcatalog; path = Assets.xcassets; sourceTree = "<group>"; };
		04080D5D22CF283600641C27 /* Base */ = {isa = PBXFileReference; lastKnownFileType = file.storyboard; name = Base; path = Base.lproj/LaunchScreen.storyboard; sourceTree = "<group>"; };
		04080D5F22CF283600641C27 /* Info.plist */ = {isa = PBXFileReference; lastKnownFileType = text.plist.xml; path = Info.plist; sourceTree = "<group>"; };
		04080D6422CF283700641C27 /* alamofireRequestExeTests.xctest */ = {isa = PBXFileReference; explicitFileType = wrapper.cfbundle; includeInIndex = 0; path = alamofireRequestExeTests.xctest; sourceTree = BUILT_PRODUCTS_DIR; };
		04080D6822CF283700641C27 /* alamofireRequestExeTests.swift */ = {isa = PBXFileReference; lastKnownFileType = sourcecode.swift; path = alamofireRequestExeTests.swift; sourceTree = "<group>"; };
		04080D6A22CF283700641C27 /* Info.plist */ = {isa = PBXFileReference; lastKnownFileType = text.plist.xml; path = Info.plist; sourceTree = "<group>"; };
		04080D6F22CF283700641C27 /* alamofireRequestExeUITests.xctest */ = {isa = PBXFileReference; explicitFileType = wrapper.cfbundle; includeInIndex = 0; path = alamofireRequestExeUITests.xctest; sourceTree = BUILT_PRODUCTS_DIR; };
		04080D7322CF283700641C27 /* alamofireRequestExeUITests.swift */ = {isa = PBXFileReference; lastKnownFileType = sourcecode.swift; path = alamofireRequestExeUITests.swift; sourceTree = "<group>"; };
		04080D7522CF283700641C27 /* Info.plist */ = {isa = PBXFileReference; lastKnownFileType = text.plist.xml; path = Info.plist; sourceTree = "<group>"; };
		1A41A4FB3C380691A0AE478B /* Pods_alamofireRequestExeUITests.framework */ = {isa = PBXFileReference; explicitFileType = wrapper.framework; includeInIndex = 0; path = Pods_alamofireRequestExeUITests.framework; sourceTree = BUILT_PRODUCTS_DIR; };
		28CCC10577F9CD9EB09FDB61 /* Pods-alamofireRequestExeTests.debug.xcconfig */ = {isa = PBXFileReference; includeInIndex = 1; lastKnownFileType = text.xcconfig; name = "Pods-alamofireRequestExeTests.debug.xcconfig"; path = "Target Support Files/Pods-alamofireRequestExeTests/Pods-alamofireRequestExeTests.debug.xcconfig"; sourceTree = "<group>"; };
		560397A5EA4B9623083BD182 /* Pods-alamofireRequestExe.debug.xcconfig */ = {isa = PBXFileReference; includeInIndex = 1; lastKnownFileType = text.xcconfig; name = "Pods-alamofireRequestExe.debug.xcconfig"; path = "Target Support Files/Pods-alamofireRequestExe/Pods-alamofireRequestExe.debug.xcconfig"; sourceTree = "<group>"; };
		594370A0958B6662F5350735 /* Pods-alamofireRequestExeUITests.debug.xcconfig */ = {isa = PBXFileReference; includeInIndex = 1; lastKnownFileType = text.xcconfig; name = "Pods-alamofireRequestExeUITests.debug.xcconfig"; path = "Target Support Files/Pods-alamofireRequestExeUITests/Pods-alamofireRequestExeUITests.debug.xcconfig"; sourceTree = "<group>"; };
		C04B7D5B31F38CEDD091F07C /* Pods-alamofireRequestExeUITests.release.xcconfig */ = {isa = PBXFileReference; includeInIndex = 1; lastKnownFileType = text.xcconfig; name = "Pods-alamofireRequestExeUITests.release.xcconfig"; path = "Target Support Files/Pods-alamofireRequestExeUITests/Pods-alamofireRequestExeUITests.release.xcconfig"; sourceTree = "<group>"; };
		E09BD4233AF2F4F6D0952565 /* Pods_alamofireRequestExe.framework */ = {isa = PBXFileReference; explicitFileType = wrapper.framework; includeInIndex = 0; path = Pods_alamofireRequestExe.framework; sourceTree = BUILT_PRODUCTS_DIR; };
		F41DA505C9D8B77BA19E42DF /* Pods-alamofireRequestExeTests.release.xcconfig */ = {isa = PBXFileReference; includeInIndex = 1; lastKnownFileType = text.xcconfig; name = "Pods-alamofireRequestExeTests.release.xcconfig"; path = "Target Support Files/Pods-alamofireRequestExeTests/Pods-alamofireRequestExeTests.release.xcconfig"; sourceTree = "<group>"; };
		FE07405974FFA7BF55C1A517 /* Pods_alamofireRequestExeTests.framework */ = {isa = PBXFileReference; explicitFileType = wrapper.framework; includeInIndex = 0; path = Pods_alamofireRequestExeTests.framework; sourceTree = BUILT_PRODUCTS_DIR; };
/* End PBXFileReference section */

/* Begin PBXFrameworksBuildPhase section */
		04080D4D22CF282C00641C27 /* Frameworks */ = {
			isa = PBXFrameworksBuildPhase;
			buildActionMask = 2147483647;
			files = (
				C65F0FAC702AF04FDE248AFF /* Pods_alamofireRequestExe.framework in Frameworks */,
			);
			runOnlyForDeploymentPostprocessing = 0;
		};
		04080D6122CF283700641C27 /* Frameworks */ = {
			isa = PBXFrameworksBuildPhase;
			buildActionMask = 2147483647;
			files = (
				7D9EDC4E58240712B782FBFC /* Pods_alamofireRequestExeTests.framework in Frameworks */,
			);
			runOnlyForDeploymentPostprocessing = 0;
		};
		04080D6C22CF283700641C27 /* Frameworks */ = {
			isa = PBXFrameworksBuildPhase;
			buildActionMask = 2147483647;
			files = (
				CCCDAF79165865ECE0E29AFC /* Pods_alamofireRequestExeUITests.framework in Frameworks */,
			);
			runOnlyForDeploymentPostprocessing = 0;
		};
/* End PBXFrameworksBuildPhase section */

/* Begin PBXGroup section */
		04080D4722CF282B00641C27 = {
			isa = PBXGroup;
			children = (
				04080D5222CF282C00641C27 /* alamofireRequestExe */,
				04080D6722CF283700641C27 /* alamofireRequestExeTests */,
				04080D7222CF283700641C27 /* alamofireRequestExeUITests */,
				04080D5122CF282C00641C27 /* Products */,
				A8F316868ABF6112549254FB /* Pods */,
				3CFC0F7E12FC0BD8A1F0D788 /* Frameworks */,
			);
			sourceTree = "<group>";
		};
		04080D5122CF282C00641C27 /* Products */ = {
			isa = PBXGroup;
			children = (
				04080D5022CF282C00641C27 /* alamofireRequestExe.app */,
				04080D6422CF283700641C27 /* alamofireRequestExeTests.xctest */,
				04080D6F22CF283700641C27 /* alamofireRequestExeUITests.xctest */,
			);
			name = Products;
			sourceTree = "<group>";
		};
		04080D5222CF282C00641C27 /* alamofireRequestExe */ = {
			isa = PBXGroup;
			children = (
				04080D5322CF282C00641C27 /* AppDelegate.swift */,
				04080D5522CF282C00641C27 /* ViewController.swift */,
				04080D5722CF282C00641C27 /* Main.storyboard */,
				04080D5A22CF283600641C27 /* Assets.xcassets */,
				04080D5C22CF283600641C27 /* LaunchScreen.storyboard */,
				04080D5F22CF283600641C27 /* Info.plist */,
			);
			path = alamofireRequestExe;
			sourceTree = "<group>";
		};
		04080D6722CF283700641C27 /* alamofireRequestExeTests */ = {
			isa = PBXGroup;
			children = (
				04080D6822CF283700641C27 /* alamofireRequestExeTests.swift */,
				04080D6A22CF283700641C27 /* Info.plist */,
			);
			path = alamofireRequestExeTests;
			sourceTree = "<group>";
		};
		04080D7222CF283700641C27 /* alamofireRequestExeUITests */ = {
			isa = PBXGroup;
			children = (
				04080D7322CF283700641C27 /* alamofireRequestExeUITests.swift */,
				04080D7522CF283700641C27 /* Info.plist */,
			);
			path = alamofireRequestExeUITests;
			sourceTree = "<group>";
		};
		3CFC0F7E12FC0BD8A1F0D788 /* Frameworks */ = {
			isa = PBXGroup;
			children = (
				E09BD4233AF2F4F6D0952565 /* Pods_alamofireRequestExe.framework */,
				FE07405974FFA7BF55C1A517 /* Pods_alamofireRequestExeTests.framework */,
				1A41A4FB3C380691A0AE478B /* Pods_alamofireRequestExeUITests.framework */,
			);
			name = Frameworks;
			sourceTree = "<group>";
		};
		A8F316868ABF6112549254FB /* Pods */ = {
			isa = PBXGroup;
			children = (
				560397A5EA4B9623083BD182 /* Pods-alamofireRequestExe.debug.xcconfig */,
				02B17EC945F7EE92AE41A0C9 /* Pods-alamofireRequestExe.release.xcconfig */,
				28CCC10577F9CD9EB09FDB61 /* Pods-alamofireRequestExeTests.debug.xcconfig */,
				F41DA505C9D8B77BA19E42DF /* Pods-alamofireRequestExeTests.release.xcconfig */,
				594370A0958B6662F5350735 /* Pods-alamofireRequestExeUITests.debug.xcconfig */,
				C04B7D5B31F38CEDD091F07C /* Pods-alamofireRequestExeUITests.release.xcconfig */,
			);
			name = Pods;
			path = Pods;
			sourceTree = "<group>";
		};
/* End PBXGroup section */

/* Begin PBXNativeTarget section */
		04080D4F22CF282C00641C27 /* alamofireRequestExe */ = {
			isa = PBXNativeTarget;
			buildConfigurationList = 04080D7822CF283700641C27 /* Build configuration list for PBXNativeTarget "alamofireRequestExe" */;
			buildPhases = (
				2BB605D78BA18E773C8A58BF /* [CP] Check Pods Manifest.lock */,
				04080D4C22CF282C00641C27 /* Sources */,
				04080D4D22CF282C00641C27 /* Frameworks */,
				04080D4E22CF282C00641C27 /* Resources */,
				3B5CAA87F2474265FB047808 /* [CP] Embed Pods Frameworks */,
			);
			buildRules = (
			);
			dependencies = (
			);
			name = alamofireRequestExe;
			productName = alamofireRequestExe;
			productReference = 04080D5022CF282C00641C27 /* alamofireRequestExe.app */;
			productType = "com.apple.product-type.application";
		};
		04080D6322CF283700641C27 /* alamofireRequestExeTests */ = {
			isa = PBXNativeTarget;
			buildConfigurationList = 04080D7B22CF283700641C27 /* Build configuration list for PBXNativeTarget "alamofireRequestExeTests" */;
			buildPhases = (
				D7614679115789FFCACD3FB9 /* [CP] Check Pods Manifest.lock */,
				04080D6022CF283700641C27 /* Sources */,
				04080D6122CF283700641C27 /* Frameworks */,
				04080D6222CF283700641C27 /* Resources */,
			);
			buildRules = (
			);
			dependencies = (
				04080D6622CF283700641C27 /* PBXTargetDependency */,
			);
			name = alamofireRequestExeTests;
			productName = alamofireRequestExeTests;
			productReference = 04080D6422CF283700641C27 /* alamofireRequestExeTests.xctest */;
			productType = "com.apple.product-type.bundle.unit-test";
		};
		04080D6E22CF283700641C27 /* alamofireRequestExeUITests */ = {
			isa = PBXNativeTarget;
			buildConfigurationList = 04080D7E22CF283700641C27 /* Build configuration list for PBXNativeTarget "alamofireRequestExeUITests" */;
			buildPhases = (
				CCBDECD2DAC61B98E8F60B7B /* [CP] Check Pods Manifest.lock */,
				04080D6B22CF283700641C27 /* Sources */,
				04080D6C22CF283700641C27 /* Frameworks */,
				04080D6D22CF283700641C27 /* Resources */,
			);
			buildRules = (
			);
			dependencies = (
				04080D7122CF283700641C27 /* PBXTargetDependency */,
			);
			name = alamofireRequestExeUITests;
			productName = alamofireRequestExeUITests;
			productReference = 04080D6F22CF283700641C27 /* alamofireRequestExeUITests.xctest */;
			productType = "com.apple.product-type.bundle.ui-testing";
		};
/* End PBXNativeTarget section */

/* Begin PBXProject section */
		04080D4822CF282B00641C27 /* Project object */ = {
			isa = PBXProject;
			attributes = {
				LastSwiftUpdateCheck = 1010;
				LastUpgradeCheck = 1010;
				ORGANIZATIONNAME = MEMS;
				TargetAttributes = {
					04080D4F22CF282C00641C27 = {
						CreatedOnToolsVersion = 10.1;
					};
					04080D6322CF283700641C27 = {
						CreatedOnToolsVersion = 10.1;
						TestTargetID = 04080D4F22CF282C00641C27;
					};
					04080D6E22CF283700641C27 = {
						CreatedOnToolsVersion = 10.1;
						TestTargetID = 04080D4F22CF282C00641C27;
					};
				};
			};
			buildConfigurationList = 04080D4B22CF282B00641C27 /* Build configuration list for PBXProject "alamofireRequestExe" */;
			compatibilityVersion = "Xcode 9.3";
			developmentRegion = en;
			hasScannedForEncodings = 0;
			knownRegions = (
				en,
				Base,
			);
			mainGroup = 04080D4722CF282B00641C27;
			productRefGroup = 04080D5122CF282C00641C27 /* Products */;
			projectDirPath = "";
			projectRoot = "";
			targets = (
				04080D4F22CF282C00641C27 /* alamofireRequestExe */,
				04080D6322CF283700641C27 /* alamofireRequestExeTests */,
				04080D6E22CF283700641C27 /* alamofireRequestExeUITests */,
			);
		};
/* End PBXProject section */

/* Begin PBXResourcesBuildPhase section */
		04080D4E22CF282C00641C27 /* Resources */ = {
			isa = PBXResourcesBuildPhase;
			buildActionMask = 2147483647;
			files = (
				04080D5E22CF283600641C27 /* LaunchScreen.storyboard in Resources */,
				04080D5B22CF283600641C27 /* Assets.xcassets in Resources */,
				04080D5922CF282C00641C27 /* Main.storyboard in Resources */,
			);
			runOnlyForDeploymentPostprocessing = 0;
		};
		04080D6222CF283700641C27 /* Resources */ = {
			isa = PBXResourcesBuildPhase;
			buildActionMask = 2147483647;
			files = (
			);
			runOnlyForDeploymentPostprocessing = 0;
		};
		04080D6D22CF283700641C27 /* Resources */ = {
			isa = PBXResourcesBuildPhase;
			buildActionMask = 2147483647;
			files = (
			);
			runOnlyForDeploymentPostprocessing = 0;
		};
/* End PBXResourcesBuildPhase section */

/* Begin PBXShellScriptBuildPhase section */
		2BB605D78BA18E773C8A58BF /* [CP] Check Pods Manifest.lock */ = {
			isa = PBXShellScriptBuildPhase;
			buildActionMask = 2147483647;
			files = (
			);
			inputFileListPaths = (
			);
			inputPaths = (
				"${PODS_PODFILE_DIR_PATH}/Podfile.lock",
				"${PODS_ROOT}/Manifest.lock",
			);
			name = "[CP] Check Pods Manifest.lock";
			outputFileListPaths = (
			);
			outputPaths = (
				"$(DERIVED_FILE_DIR)/Pods-alamofireRequestExe-checkManifestLockResult.txt",
			);
			runOnlyForDeploymentPostprocessing = 0;
			shellPath = /bin/sh;
			shellScript = "diff \"${PODS_PODFILE_DIR_PATH}/Podfile.lock\" \"${PODS_ROOT}/Manifest.lock\" > /dev/null\nif [ $? != 0 ] ; then\n    # print error to STDERR\n    echo \"error: The sandbox is not in sync with the Podfile.lock. Run 'pod install' or update your CocoaPods installation.\" >&2\n    exit 1\nfi\n# This output is used by Xcode 'outputs' to avoid re-running this script phase.\necho \"SUCCESS\" > \"${SCRIPT_OUTPUT_FILE_0}\"\n";
			showEnvVarsInLog = 0;
		};
		3B5CAA87F2474265FB047808 /* [CP] Embed Pods Frameworks */ = {
			isa = PBXShellScriptBuildPhase;
			buildActionMask = 2147483647;
			files = (
			);
			inputFileListPaths = (
			);
			inputPaths = (
				"${PODS_ROOT}/Target Support Files/Pods-alamofireRequestExe/Pods-alamofireRequestExe-frameworks.sh",
				"${BUILT_PRODUCTS_DIR}/Alamofire/Alamofire.framework",
			);
			name = "[CP] Embed Pods Frameworks";
			outputFileListPaths = (
			);
			outputPaths = (
				"${TARGET_BUILD_DIR}/${FRAMEWORKS_FOLDER_PATH}/Alamofire.framework",
			);
			runOnlyForDeploymentPostprocessing = 0;
			shellPath = /bin/sh;
			shellScript = "\"${PODS_ROOT}/Target Support Files/Pods-alamofireRequestExe/Pods-alamofireRequestExe-frameworks.sh\"\n";
			showEnvVarsInLog = 0;
		};
		CCBDECD2DAC61B98E8F60B7B /* [CP] Check Pods Manifest.lock */ = {
			isa = PBXShellScriptBuildPhase;
			buildActionMask = 2147483647;
			files = (
			);
			inputFileListPaths = (
			);
			inputPaths = (
				"${PODS_PODFILE_DIR_PATH}/Podfile.lock",
				"${PODS_ROOT}/Manifest.lock",
			);
			name = "[CP] Check Pods Manifest.lock";
			outputFileListPaths = (
			);
			outputPaths = (
				"$(DERIVED_FILE_DIR)/Pods-alamofireRequestExeUITests-checkManifestLockResult.txt",
			);
			runOnlyForDeploymentPostprocessing = 0;
			shellPath = /bin/sh;
			shellScript = "diff \"${PODS_PODFILE_DIR_PATH}/Podfile.lock\" \"${PODS_ROOT}/Manifest.lock\" > /dev/null\nif [ $? != 0 ] ; then\n    # print error to STDERR\n    echo \"error: The sandbox is not in sync with the Podfile.lock. Run 'pod install' or update your CocoaPods installation.\" >&2\n    exit 1\nfi\n# This output is used by Xcode 'outputs' to avoid re-running this script phase.\necho \"SUCCESS\" > \"${SCRIPT_OUTPUT_FILE_0}\"\n";
			showEnvVarsInLog = 0;
		};
		D7614679115789FFCACD3FB9 /* [CP] Check Pods Manifest.lock */ = {
			isa = PBXShellScriptBuildPhase;
			buildActionMask = 2147483647;
			files = (
			);
			inputFileListPaths = (
			);
			inputPaths = (
				"${PODS_PODFILE_DIR_PATH}/Podfile.lock",
				"${PODS_ROOT}/Manifest.lock",
			);
			name = "[CP] Check Pods Manifest.lock";
			outputFileListPaths = (
			);
			outputPaths = (
				"$(DERIVED_FILE_DIR)/Pods-alamofireRequestExeTests-checkManifestLockResult.txt",
			);
			runOnlyForDeploymentPostprocessing = 0;
			shellPath = /bin/sh;
			shellScript = "diff \"${PODS_PODFILE_DIR_PATH}/Podfile.lock\" \"${PODS_ROOT}/Manifest.lock\" > /dev/null\nif [ $? != 0 ] ; then\n    # print error to STDERR\n    echo \"error: The sandbox is not in sync with the Podfile.lock. Run 'pod install' or update your CocoaPods installation.\" >&2\n    exit 1\nfi\n# This output is used by Xcode 'outputs' to avoid re-running this script phase.\necho \"SUCCESS\" > \"${SCRIPT_OUTPUT_FILE_0}\"\n";
			showEnvVarsInLog = 0;
		};
/* End PBXShellScriptBuildPhase section */

/* Begin PBXSourcesBuildPhase section */
		04080D4C22CF282C00641C27 /* Sources */ = {
			isa = PBXSourcesBuildPhase;
			buildActionMask = 2147483647;
			files = (
				04080D5622CF282C00641C27 /* ViewController.swift in Sources */,
				04080D5422CF282C00641C27 /* AppDelegate.swift in Sources */,
			);
			runOnlyForDeploymentPostprocessing = 0;
		};
		04080D6022CF283700641C27 /* Sources */ = {
			isa = PBXSourcesBuildPhase;
			buildActionMask = 2147483647;
			files = (
				04080D6922CF283700641C27 /* alamofireRequestExeTests.swift in Sources */,
			);
			runOnlyForDeploymentPostprocessing = 0;
		};
		04080D6B22CF283700641C27 /* Sources */ = {
			isa = PBXSourcesBuildPhase;
			buildActionMask = 2147483647;
			files = (
				04080D7422CF283700641C27 /* alamofireRequestExeUITests.swift in Sources */,
			);
			runOnlyForDeploymentPostprocessing = 0;
		};
/* End PBXSourcesBuildPhase section */

/* Begin PBXTargetDependency section */
		04080D6622CF283700641C27 /* PBXTargetDependency */ = {
			isa = PBXTargetDependency;
			target = 04080D4F22CF282C00641C27 /* alamofireRequestExe */;
			targetProxy = 04080D6522CF283700641C27 /* PBXContainerItemProxy */;
		};
		04080D7122CF283700641C27 /* PBXTargetDependency */ = {
			isa = PBXTargetDependency;
			target = 04080D4F22CF282C00641C27 /* alamofireRequestExe */;
			targetProxy = 04080D7022CF283700641C27 /* PBXContainerItemProxy */;
		};
/* End PBXTargetDependency section */

/* Begin PBXVariantGroup section */
		04080D5722CF282C00641C27 /* Main.storyboard */ = {
			isa = PBXVariantGroup;
			children = (
				04080D5822CF282C00641C27 /* Base */,
			);
			name = Main.storyboard;
			sourceTree = "<group>";
		};
		04080D5C22CF283600641C27 /* LaunchScreen.storyboard */ = {
			isa = PBXVariantGroup;
			children = (
				04080D5D22CF283600641C27 /* Base */,
			);
			name = LaunchScreen.storyboard;
			sourceTree = "<group>";
		};
/* End PBXVariantGroup section */

/* Begin XCBuildConfiguration section */
		04080D7622CF283700641C27 /* Debug */ = {
			isa = XCBuildConfiguration;
			buildSettings = {
				ALWAYS_SEARCH_USER_PATHS = NO;
				CLANG_ANALYZER_NONNULL = YES;
				CLANG_ANALYZER_NUMBER_OBJECT_CONVERSION = YES_AGGRESSIVE;
				CLANG_CXX_LANGUAGE_STANDARD = "gnu++14";
				CLANG_CXX_LIBRARY = "libc++";
				CLANG_ENABLE_MODULES = YES;
				CLANG_ENABLE_OBJC_ARC = YES;
				CLANG_ENABLE_OBJC_WEAK = YES;
				CLANG_WARN_BLOCK_CAPTURE_AUTORELEASING = YES;
				CLANG_WARN_BOOL_CONVERSION = YES;
				CLANG_WARN_COMMA = YES;
				CLANG_WARN_CONSTANT_CONVERSION = YES;
				CLANG_WARN_DEPRECATED_OBJC_IMPLEMENTATIONS = YES;
				CLANG_WARN_DIRECT_OBJC_ISA_USAGE = YES_ERROR;
				CLANG_WARN_DOCUMENTATION_COMMENTS = YES;
				CLANG_WARN_EMPTY_BODY = YES;
				CLANG_WARN_ENUM_CONVERSION = YES;
				CLANG_WARN_INFINITE_RECURSION = YES;
				CLANG_WARN_INT_CONVERSION = YES;
				CLANG_WARN_NON_LITERAL_NULL_CONVERSION = YES;
				CLANG_WARN_OBJC_IMPLICIT_RETAIN_SELF = YES;
				CLANG_WARN_OBJC_LITERAL_CONVERSION = YES;
				CLANG_WARN_OBJC_ROOT_CLASS = YES_ERROR;
				CLANG_WARN_RANGE_LOOP_ANALYSIS = YES;
				CLANG_WARN_STRICT_PROTOTYPES = YES;
				CLANG_WARN_SUSPICIOUS_MOVE = YES;
				CLANG_WARN_UNGUARDED_AVAILABILITY = YES_AGGRESSIVE;
				CLANG_WARN_UNREACHABLE_CODE = YES;
				CLANG_WARN__DUPLICATE_METHOD_MATCH = YES;
				CODE_SIGN_IDENTITY = "iPhone Developer";
				COPY_PHASE_STRIP = NO;
				DEBUG_INFORMATION_FORMAT = dwarf;
				ENABLE_STRICT_OBJC_MSGSEND = YES;
				ENABLE_TESTABILITY = YES;
				GCC_C_LANGUAGE_STANDARD = gnu11;
				GCC_DYNAMIC_NO_PIC = NO;
				GCC_NO_COMMON_BLOCKS = YES;
				GCC_OPTIMIZATION_LEVEL = 0;
				GCC_PREPROCESSOR_DEFINITIONS = (
					"DEBUG=1",
					"$(inherited)",
				);
				GCC_WARN_64_TO_32_BIT_CONVERSION = YES;
				GCC_WARN_ABOUT_RETURN_TYPE = YES_ERROR;
				GCC_WARN_UNDECLARED_SELECTOR = YES;
				GCC_WARN_UNINITIALIZED_AUTOS = YES_AGGRESSIVE;
				GCC_WARN_UNUSED_FUNCTION = YES;
				GCC_WARN_UNUSED_VARIABLE = YES;
				IPHONEOS_DEPLOYMENT_TARGET = 12.1;
				MTL_ENABLE_DEBUG_INFO = INCLUDE_SOURCE;
				MTL_FAST_MATH = YES;
				ONLY_ACTIVE_ARCH = YES;
				SDKROOT = iphoneos;
				SWIFT_ACTIVE_COMPILATION_CONDITIONS = DEBUG;
				SWIFT_OPTIMIZATION_LEVEL = "-Onone";
			};
			name = Debug;
		};
		04080D7722CF283700641C27 /* Release */ = {
			isa = XCBuildConfiguration;
			buildSettings = {
				ALWAYS_SEARCH_USER_PATHS = NO;
				CLANG_ANALYZER_NONNULL = YES;
				CLANG_ANALYZER_NUMBER_OBJECT_CONVERSION = YES_AGGRESSIVE;
				CLANG_CXX_LANGUAGE_STANDARD = "gnu++14";
				CLANG_CXX_LIBRARY = "libc++";
				CLANG_ENABLE_MODULES = YES;
				CLANG_ENABLE_OBJC_ARC = YES;
				CLANG_ENABLE_OBJC_WEAK = YES;
				CLANG_WARN_BLOCK_CAPTURE_AUTORELEASING = YES;
				CLANG_WARN_BOOL_CONVERSION = YES;
				CLANG_WARN_COMMA = YES;
				CLANG_WARN_CONSTANT_CONVERSION = YES;
				CLANG_WARN_DEPRECATED_OBJC_IMPLEMENTATIONS = YES;
				CLANG_WARN_DIRECT_OBJC_ISA_USAGE = YES_ERROR;
				CLANG_WARN_DOCUMENTATION_COMMENTS = YES;
				CLANG_WARN_EMPTY_BODY = YES;
				CLANG_WARN_ENUM_CONVERSION = YES;
				CLANG_WARN_INFINITE_RECURSION = YES;
				CLANG_WARN_INT_CONVERSION = YES;
				CLANG_WARN_NON_LITERAL_NULL_CONVERSION = YES;
				CLANG_WARN_OBJC_IMPLICIT_RETAIN_SELF = YES;
				CLANG_WARN_OBJC_LITERAL_CONVERSION = YES;
				CLANG_WARN_OBJC_ROOT_CLASS = YES_ERROR;
				CLANG_WARN_RANGE_LOOP_ANALYSIS = YES;
				CLANG_WARN_STRICT_PROTOTYPES = YES;
				CLANG_WARN_SUSPICIOUS_MOVE = YES;
				CLANG_WARN_UNGUARDED_AVAILABILITY = YES_AGGRESSIVE;
				CLANG_WARN_UNREACHABLE_CODE = YES;
				CLANG_WARN__DUPLICATE_METHOD_MATCH = YES;
				CODE_SIGN_IDENTITY = "iPhone Developer";
				COPY_PHASE_STRIP = NO;
				DEBUG_INFORMATION_FORMAT = "dwarf-with-dsym";
				ENABLE_NS_ASSERTIONS = NO;
				ENABLE_STRICT_OBJC_MSGSEND = YES;
				GCC_C_LANGUAGE_STANDARD = gnu11;
				GCC_NO_COMMON_BLOCKS = YES;
				GCC_WARN_64_TO_32_BIT_CONVERSION = YES;
				GCC_WARN_ABOUT_RETURN_TYPE = YES_ERROR;
				GCC_WARN_UNDECLARED_SELECTOR = YES;
				GCC_WARN_UNINITIALIZED_AUTOS = YES_AGGRESSIVE;
				GCC_WARN_UNUSED_FUNCTION = YES;
				GCC_WARN_UNUSED_VARIABLE = YES;
				IPHONEOS_DEPLOYMENT_TARGET = 12.1;
				MTL_ENABLE_DEBUG_INFO = NO;
				MTL_FAST_MATH = YES;
				SDKROOT = iphoneos;
				SWIFT_COMPILATION_MODE = wholemodule;
				SWIFT_OPTIMIZATION_LEVEL = "-O";
				VALIDATE_PRODUCT = YES;
			};
			name = Release;
		};
		04080D7922CF283700641C27 /* Debug */ = {
			isa = XCBuildConfiguration;
			baseConfigurationReference = 560397A5EA4B9623083BD182 /* Pods-alamofireRequestExe.debug.xcconfig */;
			buildSettings = {
				ASSETCATALOG_COMPILER_APPICON_NAME = AppIcon;
				CODE_SIGN_STYLE = Automatic;
				DEVELOPMENT_TEAM = PT346GWSXB;
				INFOPLIST_FILE = alamofireRequestExe/Info.plist;
				LD_RUNPATH_SEARCH_PATHS = (
					"$(inherited)",
					"@executable_path/Frameworks",
				);
				PRODUCT_BUNDLE_IDENTIFIER = MEMS.alamofireRequestExe;
				PRODUCT_NAME = "$(TARGET_NAME)";
				SWIFT_VERSION = 4.2;
				TARGETED_DEVICE_FAMILY = "1,2";
			};
			name = Debug;
		};
		04080D7A22CF283700641C27 /* Release */ = {
			isa = XCBuildConfiguration;
			baseConfigurationReference = 02B17EC945F7EE92AE41A0C9 /* Pods-alamofireRequestExe.release.xcconfig */;
			buildSettings = {
				ASSETCATALOG_COMPILER_APPICON_NAME = AppIcon;
				CODE_SIGN_STYLE = Automatic;
				DEVELOPMENT_TEAM = PT346GWSXB;
				INFOPLIST_FILE = alamofireRequestExe/Info.plist;
				LD_RUNPATH_SEARCH_PATHS = (
					"$(inherited)",
					"@executable_path/Frameworks",
				);
				PRODUCT_BUNDLE_IDENTIFIER = MEMS.alamofireRequestExe;
				PRODUCT_NAME = "$(TARGET_NAME)";
				SWIFT_VERSION = 4.2;
				TARGETED_DEVICE_FAMILY = "1,2";
			};
			name = Release;
		};
		04080D7C22CF283700641C27 /* Debug */ = {
			isa = XCBuildConfiguration;
			baseConfigurationReference = 28CCC10577F9CD9EB09FDB61 /* Pods-alamofireRequestExeTests.debug.xcconfig */;
			buildSettings = {
				ALWAYS_EMBED_SWIFT_STANDARD_LIBRARIES = YES;
				BUNDLE_LOADER = "$(TEST_HOST)";
				CODE_SIGN_STYLE = Automatic;
				DEVELOPMENT_TEAM = PT346GWSXB;
				INFOPLIST_FILE = alamofireRequestExeTests/Info.plist;
				LD_RUNPATH_SEARCH_PATHS = (
					"$(inherited)",
					"@executable_path/Frameworks",
					"@loader_path/Frameworks",
				);
				PRODUCT_BUNDLE_IDENTIFIER = MEMS.alamofireRequestExeTests;
				PRODUCT_NAME = "$(TARGET_NAME)";
				SWIFT_VERSION = 4.2;
				TARGETED_DEVICE_FAMILY = "1,2";
				TEST_HOST = "$(BUILT_PRODUCTS_DIR)/alamofireRequestExe.app/alamofireRequestExe";
			};
			name = Debug;
		};
		04080D7D22CF283700641C27 /* Release */ = {
			isa = XCBuildConfiguration;
			baseConfigurationReference = F41DA505C9D8B77BA19E42DF /* Pods-alamofireRequestExeTests.release.xcconfig */;
			buildSettings = {
				ALWAYS_EMBED_SWIFT_STANDARD_LIBRARIES = YES;
				BUNDLE_LOADER = "$(TEST_HOST)";
				CODE_SIGN_STYLE = Automatic;
				DEVELOPMENT_TEAM = PT346GWSXB;
				INFOPLIST_FILE = alamofireRequestExeTests/Info.plist;
				LD_RUNPATH_SEARCH_PATHS = (
					"$(inherited)",
					"@executable_path/Frameworks",
					"@loader_path/Frameworks",
				);
				PRODUCT_BUNDLE_IDENTIFIER = MEMS.alamofireRequestExeTests;
				PRODUCT_NAME = "$(TARGET_NAME)";
				SWIFT_VERSION = 4.2;
				TARGETED_DEVICE_FAMILY = "1,2";
				TEST_HOST = "$(BUILT_PRODUCTS_DIR)/alamofireRequestExe.app/alamofireRequestExe";
			};
			name = Release;
		};
		04080D7F22CF283700641C27 /* Debug */ = {
			isa = XCBuildConfiguration;
			baseConfigurationReference = 594370A0958B6662F5350735 /* Pods-alamofireRequestExeUITests.debug.xcconfig */;
			buildSettings = {
				ALWAYS_EMBED_SWIFT_STANDARD_LIBRARIES = YES;
				CODE_SIGN_STYLE = Automatic;
				DEVELOPMENT_TEAM = PT346GWSXB;
				INFOPLIST_FILE = alamofireRequestExeUITests/Info.plist;
				LD_RUNPATH_SEARCH_PATHS = (
					"$(inherited)",
					"@executable_path/Frameworks",
					"@loader_path/Frameworks",
				);
				PRODUCT_BUNDLE_IDENTIFIER = MEMS.alamofireRequestExeUITests;
				PRODUCT_NAME = "$(TARGET_NAME)";
				SWIFT_VERSION = 4.2;
				TARGETED_DEVICE_FAMILY = "1,2";
				TEST_TARGET_NAME = alamofireRequestExe;
			};
			name = Debug;
		};
		04080D8022CF283700641C27 /* Release */ = {
			isa = XCBuildConfiguration;
			baseConfigurationReference = C04B7D5B31F38CEDD091F07C /* Pods-alamofireRequestExeUITests.release.xcconfig */;
			buildSettings = {
				ALWAYS_EMBED_SWIFT_STANDARD_LIBRARIES = YES;
				CODE_SIGN_STYLE = Automatic;
				DEVELOPMENT_TEAM = PT346GWSXB;
				INFOPLIST_FILE = alamofireRequestExeUITests/Info.plist;
				LD_RUNPATH_SEARCH_PATHS = (
					"$(inherited)",
					"@executable_path/Frameworks",
					"@loader_path/Frameworks",
				);
				PRODUCT_BUNDLE_IDENTIFIER = MEMS.alamofireRequestExeUITests;
				PRODUCT_NAME = "$(TARGET_NAME)";
				SWIFT_VERSION = 4.2;
				TARGETED_DEVICE_FAMILY = "1,2";
				TEST_TARGET_NAME = alamofireRequestExe;
			};
			name = Release;
		};
/* End XCBuildConfiguration section */

/* Begin XCConfigurationList section */
		04080D4B22CF282B00641C27 /* Build configuration list for PBXProject "alamofireRequestExe" */ = {
			isa = XCConfigurationList;
			buildConfigurations = (
				04080D7622CF283700641C27 /* Debug */,
				04080D7722CF283700641C27 /* Release */,
			);
			defaultConfigurationIsVisible = 0;
			defaultConfigurationName = Release;
		};
		04080D7822CF283700641C27 /* Build configuration list for PBXNativeTarget "alamofireRequestExe" */ = {
			isa = XCConfigurationList;
			buildConfigurations = (
				04080D7922CF283700641C27 /* Debug */,
				04080D7A22CF283700641C27 /* Release */,
			);
			defaultConfigurationIsVisible = 0;
			defaultConfigurationName = Release;
		};
		04080D7B22CF283700641C27 /* Build configuration list for PBXNativeTarget "alamofireRequestExeTests" */ = {
			isa = XCConfigurationList;
			buildConfigurations = (
				04080D7C22CF283700641C27 /* Debug */,
				04080D7D22CF283700641C27 /* Release */,
			);
			defaultConfigurationIsVisible = 0;
			defaultConfigurationName = Release;
		};
		04080D7E22CF283700641C27 /* Build configuration list for PBXNativeTarget "alamofireRequestExeUITests" */ = {
			isa = XCConfigurationList;
			buildConfigurations = (
				04080D7F22CF283700641C27 /* Debug */,
				04080D8022CF283700641C27 /* Release */,
			);
			defaultConfigurationIsVisible = 0;
			defaultConfigurationName = Release;
		};
/* End XCConfigurationList section */
	};
	rootObject = 04080D4822CF282B00641C27 /* Project object */;
}
